// !$*UTF8*$!
{
	archiveVersion = 1;
	classes = {
	};
	objectVersion = 50;
	objects = {

/* Begin PBXBuildFile section */
		DEDDB2C821620BF70005D97E /* AppDelegate.swift in Sources */ = {isa = PBXBuildFile; fileRef = DEDDB2C721620BF70005D97E /* AppDelegate.swift */; };
		DEDDB2CA21620BF70005D97E /* ViewController.swift in Sources */ = {isa = PBXBuildFile; fileRef = DEDDB2C921620BF70005D97E /* ViewController.swift */; };
		DEDDB2CD21620BF70005D97E /* Main.storyboard in Resources */ = {isa = PBXBuildFile; fileRef = DEDDB2CB21620BF70005D97E /* Main.storyboard */; };
		DEDDB2D021620BF70005D97E /* Rent_Haul.xcdatamodeld in Sources */ = {isa = PBXBuildFile; fileRef = DEDDB2CE21620BF70005D97E /* Rent_Haul.xcdatamodeld */; };
		DEDDB2D221620BF80005D97E /* Assets.xcassets in Resources */ = {isa = PBXBuildFile; fileRef = DEDDB2D121620BF80005D97E /* Assets.xcassets */; };
		DEDDB2D521620BF80005D97E /* LaunchScreen.storyboard in Resources */ = {isa = PBXBuildFile; fileRef = DEDDB2D321620BF80005D97E /* LaunchScreen.storyboard */; };
/* End PBXBuildFile section */

/* Begin PBXFileReference section */
		DEDDB2C421620BF70005D97E /* Rent Haul.app */ = {isa = PBXFileReference; explicitFileType = wrapper.application; includeInIndex = 0; path = "Rent Haul.app"; sourceTree = BUILT_PRODUCTS_DIR; };
		DEDDB2C721620BF70005D97E /* AppDelegate.swift */ = {isa = PBXFileReference; lastKnownFileType = sourcecode.swift; path = AppDelegate.swift; sourceTree = "<group>"; };
		DEDDB2C921620BF70005D97E /* ViewController.swift */ = {isa = PBXFileReference; lastKnownFileType = sourcecode.swift; path = ViewController.swift; sourceTree = "<group>"; };
		DEDDB2CC21620BF70005D97E /* Base */ = {isa = PBXFileReference; lastKnownFileType = file.storyboard; name = Base; path = Base.lproj/Main.storyboard; sourceTree = "<group>"; };
		DEDDB2CF21620BF70005D97E /* Rent_Haul.xcdatamodel */ = {isa = PBXFileReference; lastKnownFileType = wrapper.xcdatamodel; path = Rent_Haul.xcdatamodel; sourceTree = "<group>"; };
		DEDDB2D121620BF80005D97E /* Assets.xcassets */ = {isa = PBXFileReference; lastKnownFileType = folder.assetcatalog; path = Assets.xcassets; sourceTree = "<group>"; };
		DEDDB2D421620BF80005D97E /* Base */ = {isa = PBXFileReference; lastKnownFileType = file.storyboard; name = Base; path = Base.lproj/LaunchScreen.storyboard; sourceTree = "<group>"; };
		DEDDB2D621620BF80005D97E /* Info.plist */ = {isa = PBXFileReference; lastKnownFileType = text.plist.xml; path = Info.plist; sourceTree = "<group>"; };
/* End PBXFileReference section */

/* Begin PBXFrameworksBuildPhase section */
		DEDDB2C121620BF70005D97E /* Frameworks */ = {
			isa = PBXFrameworksBuildPhase;
			buildActionMask = 2147483647;
			files = (
			);
			runOnlyForDeploymentPostprocessing = 0;
		};
/* End PBXFrameworksBuildPhase section */

/* Begin PBXGroup section */
		DEDDB2BB21620BF70005D97E = {
			isa = PBXGroup;
			children = (
				DEDDB2C621620BF70005D97E /* Rent Haul */,
				DEDDB2C521620BF70005D97E /* Products */,
			);
			sourceTree = "<group>";
		};
		DEDDB2C521620BF70005D97E /* Products */ = {
			isa = PBXGroup;
			children = (
				DEDDB2C421620BF70005D97E /* Rent Haul.app */,
			);
			name = Products;
			sourceTree = "<group>";
		};
		DEDDB2C621620BF70005D97E /* Rent Haul */ = {
			isa = PBXGroup;
			children = (
				DEDDB2C721620BF70005D97E /* AppDelegate.swift */,
				DEDDB2C921620BF70005D97E /* ViewController.swift */,
				DEDDB2CB21620BF70005D97E /* Main.storyboard */,
				DEDDB2D121620BF80005D97E /* Assets.xcassets */,
				DEDDB2D321620BF80005D97E /* LaunchScreen.storyboard */,
				DEDDB2D621620BF80005D97E /* Info.plist */,
				DEDDB2CE21620BF70005D97E /* Rent_Haul.xcdatamodeld */,
			);
			path = "Rent Haul";
			sourceTree = "<group>";
		};
/* End PBXGroup section */

/* Begin PBXNativeTarget section */
		DEDDB2C321620BF70005D97E /* Rent Haul */ = {
			isa = PBXNativeTarget;
			buildConfigurationList = DEDDB2D921620BF80005D97E /* Build configuration list for PBXNativeTarget "Rent Haul" */;
			buildPhases = (
				DEDDB2C021620BF70005D97E /* Sources */,
				DEDDB2C121620BF70005D97E /* Frameworks */,
				DEDDB2C221620BF70005D97E /* Resources */,
			);
			buildRules = (
			);
			dependencies = (
			);
			name = "Rent Haul";
			productName = "Rent Haul";
			productReference = DEDDB2C421620BF70005D97E /* Rent Haul.app */;
			productType = "com.apple.product-type.application";
		};
/* End PBXNativeTarget section */

/* Begin PBXProject section */
		DEDDB2BC21620BF70005D97E /* Project object */ = {
			isa = PBXProject;
			attributes = {
				LastSwiftUpdateCheck = 1000;
				LastUpgradeCheck = 1000;
				ORGANIZATIONNAME = AbuzarManzoor;
				TargetAttributes = {
					DEDDB2C321620BF70005D97E = {
						CreatedOnToolsVersion = 10.0;
					};
				};
			};
			buildConfigurationList = DEDDB2BF21620BF70005D97E /* Build configuration list for PBXProject "Rent Haul" */;
			compatibilityVersion = "Xcode 9.3";
			developmentRegion = en;
			hasScannedForEncodings = 0;
			knownRegions = (
				en,
				Base,
			);
			mainGroup = DEDDB2BB21620BF70005D97E;
			productRefGroup = DEDDB2C521620BF70005D97E /* Products */;
			projectDirPath = "";
			projectRoot = "";
			targets = (
				DEDDB2C321620BF70005D97E /* Rent Haul */,
			);
		};
/* End PBXProject section */

/* Begin PBXResourcesBuildPhase section */
		DEDDB2C221620BF70005D97E /* Resources */ = {
			isa = PBXResourcesBuildPhase;
			buildActionMask = 2147483647;
			files = (
				DEDDB2D521620BF80005D97E /* LaunchScreen.storyboard in Resources */,
				DEDDB2D221620BF80005D97E /* Assets.xcassets in Resources */,
				DEDDB2CD21620BF70005D97E /* Main.storyboard in Resources */,
			);
			runOnlyForDeploymentPostprocessing = 0;
		};
/* End PBXResourcesBuildPhase section */

/* Begin PBXSourcesBuildPhase section */
		DEDDB2C021620BF70005D97E /* Sources */ = {
			isa = PBXSourcesBuildPhase;
			buildActionMask = 2147483647;
			files = (
				DEDDB2CA21620BF70005D97E /* ViewController.swift in Sources */,
				DEDDB2D021620BF70005D97E /* Rent_Haul.xcdatamodeld in Sources */,
				DEDDB2C821620BF70005D97E /* AppDelegate.swift in Sources */,
			);
			runOnlyForDeploymentPostprocessing = 0;
		};
/* End PBXSourcesBuildPhase section */

/* Begin PBXVariantGroup section */
		DEDDB2CB21620BF70005D97E /* Main.storyboard */ = {
			isa = PBXVariantGroup;
			children = (
				DEDDB2CC21620BF70005D97E /* Base */,
			);
			name = Main.storyboard;
			sourceTree = "<group>";
		};
		DEDDB2D321620BF80005D97E /* LaunchScreen.storyboard */ = {
			isa = PBXVariantGroup;
			children = (
				DEDDB2D421620BF80005D97E /* Base */,
			);
			name = LaunchScreen.storyboard;
			sourceTree = "<group>";
		};
/* End PBXVariantGroup section */

/* Begin XCBuildConfiguration section */
		DEDDB2D721620BF80005D97E /* Debug */ = {
			isa = XCBuildConfiguration;
			buildSettings = {
				ALWAYS_SEARCH_USER_PATHS = NO;
				CLANG_ANALYZER_NONNULL = YES;
				CLANG_ANALYZER_NUMBER_OBJECT_CONVERSION = YES_AGGRESSIVE;
				CLANG_CXX_LANGUAGE_STANDARD = "gnu++14";
				CLANG_CXX_LIBRARY = "libc++";
				CLANG_ENABLE_MODULES = YES;
				CLANG_ENABLE_OBJC_ARC = YES;
				CLANG_ENABLE_OBJC_WEAK = YES;
				CLANG_WARN_BLOCK_CAPTURE_AUTORELEASING = YES;
				CLANG_WARN_BOOL_CONVERSION = YES;
				CLANG_WARN_COMMA = YES;
				CLANG_WARN_CONSTANT_CONVERSION = YES;
				CLANG_WARN_DEPRECATED_OBJC_IMPLEMENTATIONS = YES;
				CLANG_WARN_DIRECT_OBJC_ISA_USAGE = YES_ERROR;
				CLANG_WARN_DOCUMENTATION_COMMENTS = YES;
				CLANG_WARN_EMPTY_BODY = YES;
				CLANG_WARN_ENUM_CONVERSION = YES;
				CLANG_WARN_INFINITE_RECURSION = YES;
				CLANG_WARN_INT_CONVERSION = YES;
				CLANG_WARN_NON_LITERAL_NULL_CONVERSION = YES;
				CLANG_WARN_OBJC_IMPLICIT_RETAIN_SELF = YES;
				CLANG_WARN_OBJC_LITERAL_CONVERSION = YES;
				CLANG_WARN_OBJC_ROOT_CLASS = YES_ERROR;
				CLANG_WARN_RANGE_LOOP_ANALYSIS = YES;
				CLANG_WARN_STRICT_PROTOTYPES = YES;
				CLANG_WARN_SUSPICIOUS_MOVE = YES;
				CLANG_WARN_UNGUARDED_AVAILABILITY = YES_AGGRESSIVE;
				CLANG_WARN_UNREACHABLE_CODE = YES;
				CLANG_WARN__DUPLICATE_METHOD_MATCH = YES;
				CODE_SIGN_IDENTITY = "iPhone Developer";
				COPY_PHASE_STRIP = NO;
				DEBUG_INFORMATION_FORMAT = dwarf;
				ENABLE_STRICT_OBJC_MSGSEND = YES;
				ENABLE_TESTABILITY = YES;
				GCC_C_LANGUAGE_STANDARD = gnu11;
				GCC_DYNAMIC_NO_PIC = NO;
				GCC_NO_COMMON_BLOCKS = YES;
				GCC_OPTIMIZATION_LEVEL = 0;
				GCC_PREPROCESSOR_DEFINITIONS = (
					"DEBUG=1",
					"$(inherited)",
				);
				GCC_WARN_64_TO_32_BIT_CONVERSION = YES;
				GCC_WARN_ABOUT_RETURN_TYPE = YES_ERROR;
				GCC_WARN_UNDECLARED_SELECTOR = YES;
				GCC_WARN_UNINITIALIZED_AUTOS = YES_AGGRESSIVE;
				GCC_WARN_UNUSED_FUNCTION = YES;
				GCC_WARN_UNUSED_VARIABLE = YES;
				IPHONEOS_DEPLOYMENT_TARGET = 12.0;
				MTL_ENABLE_DEBUG_INFO = INCLUDE_SOURCE;
				MTL_FAST_MATH = YES;
				ONLY_ACTIVE_ARCH = YES;
				SDKROOT = iphoneos;
				SWIFT_ACTIVE_COMPILATION_CONDITIONS = DEBUG;
				SWIFT_OPTIMIZATION_LEVEL = "-Onone";
			};
			name = Debug;
		};
		DEDDB2D821620BF80005D97E /* Release */ = {
			isa = XCBuildConfiguration;
			buildSettings = {
				ALWAYS_SEARCH_USER_PATHS = NO;
				CLANG_ANALYZER_NONNULL = YES;
				CLANG_ANALYZER_NUMBER_OBJECT_CONVERSION = YES_AGGRESSIVE;
				CLANG_CXX_LANGUAGE_STANDARD = "gnu++14";
				CLANG_CXX_LIBRARY = "libc++";
				CLANG_ENABLE_MODULES = YES;
				CLANG_ENABLE_OBJC_ARC = YES;
				CLANG_ENABLE_OBJC_WEAK = YES;
				CLANG_WARN_BLOCK_CAPTURE_AUTORELEASING = YES;
				CLANG_WARN_BOOL_CONVERSION = YES;
				CLANG_WARN_COMMA = YES;
				CLANG_WARN_CONSTANT_CONVERSION = YES;
				CLANG_WARN_DEPRECATED_OBJC_IMPLEMENTATIONS = YES;
				CLANG_WARN_DIRECT_OBJC_ISA_USAGE = YES_ERROR;
				CLANG_WARN_DOCUMENTATION_COMMENTS = YES;
				CLANG_WARN_EMPTY_BODY = YES;
				CLANG_WARN_ENUM_CONVERSION = YES;
				CLANG_WARN_INFINITE_RECURSION = YES;
				CLANG_WARN_INT_CONVERSION = YES;
				CLANG_WARN_NON_LITERAL_NULL_CONVERSION = YES;
				CLANG_WARN_OBJC_IMPLICIT_RETAIN_SELF = YES;
				CLANG_WARN_OBJC_LITERAL_CONVERSION = YES;
				CLANG_WARN_OBJC_ROOT_CLASS = YES_ERROR;
				CLANG_WARN_RANGE_LOOP_ANALYSIS = YES;
				CLANG_WARN_STRICT_PROTOTYPES = YES;
				CLANG_WARN_SUSPICIOUS_MOVE = YES;
				CLANG_WARN_UNGUARDED_AVAILABILITY = YES_AGGRESSIVE;
				CLANG_WARN_UNREACHABLE_CODE = YES;
				CLANG_WARN__DUPLICATE_METHOD_MATCH = YES;
				CODE_SIGN_IDENTITY = "iPhone Developer";
				COPY_PHASE_STRIP = NO;
				DEBUG_INFORMATION_FORMAT = "dwarf-with-dsym";
				ENABLE_NS_ASSERTIONS = NO;
				ENABLE_STRICT_OBJC_MSGSEND = YES;
				GCC_C_LANGUAGE_STANDARD = gnu11;
				GCC_NO_COMMON_BLOCKS = YES;
				GCC_WARN_64_TO_32_BIT_CONVERSION = YES;
				GCC_WARN_ABOUT_RETURN_TYPE = YES_ERROR;
				GCC_WARN_UNDECLARED_SELECTOR = YES;
				GCC_WARN_UNINITIALIZED_AUTOS = YES_AGGRESSIVE;
				GCC_WARN_UNUSED_FUNCTION = YES;
				GCC_WARN_UNUSED_VARIABLE = YES;
				IPHONEOS_DEPLOYMENT_TARGET = 12.0;
				MTL_ENABLE_DEBUG_INFO = NO;
				MTL_FAST_MATH = YES;
				SDKROOT = iphoneos;
				SWIFT_COMPILATION_MODE = wholemodule;
				SWIFT_OPTIMIZATION_LEVEL = "-O";
				VALIDATE_PRODUCT = YES;
			};
			name = Release;
		};
		DEDDB2DA21620BF80005D97E /* Debug */ = {
			isa = XCBuildConfiguration;
			buildSettings = {
				ASSETCATALOG_COMPILER_APPICON_NAME = AppIcon;
				CODE_SIGN_STYLE = Automatic;
				DEVELOPMENT_TEAM = EY88ZRQJUG;
				INFOPLIST_FILE = "Rent Haul/Info.plist";
				LD_RUNPATH_SEARCH_PATHS = (
					"$(inherited)",
					"@executable_path/Frameworks",
				);
				PRODUCT_BUNDLE_IDENTIFIER = "Abuzar.Rent-Haul";
				PRODUCT_NAME = "$(TARGET_NAME)";
				SWIFT_VERSION = 4.2;
				TARGETED_DEVICE_FAMILY = "1,2";
			};
			name = Debug;
		};
		DEDDB2DB21620BF80005D97E /* Release */ = {
			isa = XCBuildConfiguration;
			buildSettings = {
				ASSETCATALOG_COMPILER_APPICON_NAME = AppIcon;
				CODE_SIGN_STYLE = Automatic;
				DEVELOPMENT_TEAM = EY88ZRQJUG;
				INFOPLIST_FILE = "Rent Haul/Info.plist";
				LD_RUNPATH_SEARCH_PATHS = (
					"$(inherited)",
					"@executable_path/Frameworks",
				);
				PRODUCT_BUNDLE_IDENTIFIER = "Abuzar.Rent-Haul";
				PRODUCT_NAME = "$(TARGET_NAME)";
				SWIFT_VERSION = 4.2;
				TARGETED_DEVICE_FAMILY = "1,2";
			};
			name = Release;
		};
/* End XCBuildConfiguration section */

/* Begin XCConfigurationList section */
		DEDDB2BF21620BF70005D97E /* Build configuration list for PBXProject "Rent Haul" */ = {
			isa = XCConfigurationList;
			buildConfigurations = (
				DEDDB2D721620BF80005D97E /* Debug */,
				DEDDB2D821620BF80005D97E /* Release */,
			);
			defaultConfigurationIsVisible = 0;
			defaultConfigurationName = Release;
		};
		DEDDB2D921620BF80005D97E /* Build configuration list for PBXNativeTarget "Rent Haul" */ = {
			isa = XCConfigurationList;
			buildConfigurations = (
				DEDDB2DA21620BF80005D97E /* Debug */,
				DEDDB2DB21620BF80005D97E /* Release */,
			);
			defaultConfigurationIsVisible = 0;
			defaultConfigurationName = Release;
		};
/* End XCConfigurationList section */

/* Begin XCVersionGroup section */
		DEDDB2CE21620BF70005D97E /* Rent_Haul.xcdatamodeld */ = {
			isa = XCVersionGroup;
			children = (
				DEDDB2CF21620BF70005D97E /* Rent_Haul.xcdatamodel */,
			);
			currentVersion = DEDDB2CF21620BF70005D97E /* Rent_Haul.xcdatamodel */;
			path = Rent_Haul.xcdatamodeld;
			sourceTree = "<group>";
			versionGroupType = wrapper.xcdatamodel;
		};
/* End XCVersionGroup section */
	};
	rootObject = DEDDB2BC21620BF70005D97E /* Project object */;
}
